
Microsoft Visual Studio Solution File, Format Version 12.00
# Visual Studio Version 16
VisualStudioVersion = 16.0.30011.22
MinimumVisualStudioVersion = 10.0.40219.1
Project("{FAE04EC0-301F-11D3-BF4B-00C04F79EFBC}") = "SDLTextureFading", "SDLTextureFading\SDLTextureFading.csproj", "{23D81E1B-B55F-4A9F-B5CD-5BE0F6466465}"
EndProject
Project("{FAE04EC0-301F-11D3-BF4B-00C04F79EFBC}") = "OpenGLTextureFading", "OpenGLTextureFading\OpenGLTextureFading.csproj", "{2AFFD004-68C3-4556-8F74-5A112971F7FE}"
EndProject
Global
	GlobalSection(SolutionConfigurationPlatforms) = preSolution
		Debug|Any CPU = Debug|Any CPU
		Release|Any CPU = Release|Any CPU
	EndGlobalSection
	GlobalSection(ProjectConfigurationPlatforms) = postSolution
		{23D81E1B-B55F-4A9F-B5CD-5BE0F6466465}.Debug|Any CPU.ActiveCfg = Debug|Any CPU
		{23D81E1B-B55F-4A9F-B5CD-5BE0F6466465}.Debug|Any CPU.Build.0 = Debug|Any CPU
		{23D81E1B-B55F-4A9F-B5CD-5BE0F6466465}.Release|Any CPU.ActiveCfg = Release|Any CPU
		{23D81E1B-B55F-4A9F-B5CD-5BE0F6466465}.Release|Any CPU.Build.0 = Release|Any CPU
		{2AFFD004-68C3-4556-8F74-5A112971F7FE}.Debug|Any CPU.ActiveCfg = Debug|Any CPU
		{2AFFD004-68C3-4556-8F74-5A112971F7FE}.Debug|Any CPU.Build.0 = Debug|Any CPU
		{2AFFD004-68C3-4556-8F74-5A112971F7FE}.Release|Any CPU.ActiveCfg = Release|Any CPU
		{2AFFD004-68C3-4556-8F74-5A112971F7FE}.Release|Any CPU.Build.0 = Release|Any CPU
	EndGlobalSection
	GlobalSection(SolutionProperties) = preSolution
		HideSolutionNode = FALSE
	EndGlobalSection
	GlobalSection(ExtensibilityGlobals) = postSolution
		SolutionGuid = {B936587C-40DD-422C-91C2-D451DE5691C4}
	EndGlobalSection
EndGlobal
